schema: '2.0'
stages:
  scrape_data:
    cmd: python -m src.scrape.scrape_data
    deps:
    - path: src/scrape/scrape_data.py
      hash: md5
      md5: 77418fbe1dfb65070766f39c47b0f374
      size: 3356
    outs:
    - path: data/raw/bios.csv
      hash: md5
      md5: be7aea18c0aff8c79cb1637822b9475d
      size: 28114934
    - path: data/raw/results.csv
      hash: md5
      md5: b9ce89b1ee2b032595e9a71ae22ddb81
      size: 34559160
  clean_athletes_bio:
    cmd: python -m src.data.clean_athletes_bio
    deps:
    - path: data/raw/bios.csv
      hash: md5
      md5: be7aea18c0aff8c79cb1637822b9475d
      size: 28114934
    - path: src/data/clean_athletes_bio.py
      hash: md5
      md5: b1fea064e0c8db33da409c8c98a4def8
      size: 4607
    outs:
    - path: data/interim/bios.csv
      hash: md5
      md5: 303658291a6dc1f9ada82ccc7bcb4d7d
      size: 15732863
  clean_athletes_results:
    cmd: python -m src.data.clean_athletes_results
    deps:
    - path: data/raw/results.csv
      hash: md5
      md5: b9ce89b1ee2b032595e9a71ae22ddb81
      size: 34559160
    - path: src/data/clean_athletes_results.py
      hash: md5
      md5: 95f03c31a1302a9fbc3952a20b8b5fbd
      size: 1760
    outs:
    - path: data/interim/results.csv
      hash: md5
      md5: 9dda3facd5c2d719de64096afc45c9c8
      size: 31136858
